
Microsoft Visual Studio Solution File, Format Version 12.00
# Visual Studio Version 16
VisualStudioVersion = 16.0.29102.190
MinimumVisualStudioVersion = 10.0.40219.1
Project("{FAE04EC0-301F-11D3-BF4B-00C04F79EFBC}") = "Server.WCF", "Server\Server.WCF.csproj", "{E4312C64-432E-46C0-8C79-2B5F059EB766}"
EndProject
Project("{2150E333-8FDC-42A3-9474-1A3956D46DE8}") = "src", "src", "{9D98C356-72AC-46E8-8CA1-2A0356948A41}"
EndProject
Project("{2150E333-8FDC-42A3-9474-1A3956D46DE8}") = "tests", "tests", "{C072FC89-B8E2-46B5-B62D-DD5C9BD5607F}"
EndProject
Project("{FAE04EC0-301F-11D3-BF4B-00C04F79EFBC}") = "Client.DesktopUI", "Client\Client.DesktopUI.csproj", "{8B4124E1-B04E-4D44-BF16-A45FD06DFEEE}"
EndProject
Project("{FAE04EC0-301F-11D3-BF4B-00C04F79EFBC}") = "ClientTests", "ClientTests\ClientTests.csproj", "{6C535806-268C-44AB-9A6A-C4FC28FEB693}"
EndProject
Project("{FAE04EC0-301F-11D3-BF4B-00C04F79EFBC}") = "Client.Core", "Client.Core\Client.Core.csproj", "{0BA526B9-3CFC-44A2-8515-89F686437915}"
EndProject
Project("{FAE04EC0-301F-11D3-BF4B-00C04F79EFBC}") = "Server.Core", "Server.Core\Server.Core.csproj", "{1F153ED6-1CC0-4584-9065-D9EF29AA478B}"
EndProject
Project("{FAE04EC0-301F-11D3-BF4B-00C04F79EFBC}") = "Client.Infrastructure", "Client.Infrastructure\Client.Infrastructure.csproj", "{AFBA7633-3E2F-4923-94F1-897589CDEFF1}"
EndProject
Project("{FAE04EC0-301F-11D3-BF4B-00C04F79EFBC}") = "Common", "Common\Common.csproj", "{844846D4-52B6-4A6B-9D28-4887438DF295}"
EndProject
Project("{2150E333-8FDC-42A3-9474-1A3956D46DE8}") = "Client", "Client", "{0A8901B8-F60E-46CF-9194-FFD1AD1312E5}"
EndProject
Project("{2150E333-8FDC-42A3-9474-1A3956D46DE8}") = "Server", "Server", "{F539FCAD-3CFF-4801-A9EB-64E1979F420B}"
EndProject
Project("{FAE04EC0-301F-11D3-BF4B-00C04F79EFBC}") = "Server.Persistance", "Server.Persistance\Server.Persistance.csproj", "{2D36EFA0-A386-41F0-8C64-145D5D729252}"
EndProject
Project("{2150E333-8FDC-42A3-9474-1A3956D46DE8}") = "doc", "doc", "{FC9D70E1-91B9-492E-8920-70FA55966ABB}"
	ProjectSection(SolutionItems) = preProject
		README.md = README.md
	EndProjectSection
EndProject
Project("{FAE04EC0-301F-11D3-BF4B-00C04F79EFBC}") = "Server.WCFTests", "Server.WCFTests\Server.WCFTests.csproj", "{3483F467-F5C2-48CF-BEDE-04D3EAA7B5CF}"
EndProject
Global
	GlobalSection(SolutionConfigurationPlatforms) = preSolution
		Debug|Any CPU = Debug|Any CPU
		Release|Any CPU = Release|Any CPU
	EndGlobalSection
	GlobalSection(ProjectConfigurationPlatforms) = postSolution
		{E4312C64-432E-46C0-8C79-2B5F059EB766}.Debug|Any CPU.ActiveCfg = Debug|Any CPU
		{E4312C64-432E-46C0-8C79-2B5F059EB766}.Debug|Any CPU.Build.0 = Debug|Any CPU
		{E4312C64-432E-46C0-8C79-2B5F059EB766}.Release|Any CPU.ActiveCfg = Release|Any CPU
		{E4312C64-432E-46C0-8C79-2B5F059EB766}.Release|Any CPU.Build.0 = Release|Any CPU
		{8B4124E1-B04E-4D44-BF16-A45FD06DFEEE}.Debug|Any CPU.ActiveCfg = Debug|Any CPU
		{8B4124E1-B04E-4D44-BF16-A45FD06DFEEE}.Debug|Any CPU.Build.0 = Debug|Any CPU
		{8B4124E1-B04E-4D44-BF16-A45FD06DFEEE}.Release|Any CPU.ActiveCfg = Release|Any CPU
		{8B4124E1-B04E-4D44-BF16-A45FD06DFEEE}.Release|Any CPU.Build.0 = Release|Any CPU
		{6C535806-268C-44AB-9A6A-C4FC28FEB693}.Debug|Any CPU.ActiveCfg = Debug|Any CPU
		{6C535806-268C-44AB-9A6A-C4FC28FEB693}.Debug|Any CPU.Build.0 = Debug|Any CPU
		{6C535806-268C-44AB-9A6A-C4FC28FEB693}.Release|Any CPU.ActiveCfg = Release|Any CPU
		{6C535806-268C-44AB-9A6A-C4FC28FEB693}.Release|Any CPU.Build.0 = Release|Any CPU
		{0BA526B9-3CFC-44A2-8515-89F686437915}.Debug|Any CPU.ActiveCfg = Debug|Any CPU
		{0BA526B9-3CFC-44A2-8515-89F686437915}.Debug|Any CPU.Build.0 = Debug|Any CPU
		{0BA526B9-3CFC-44A2-8515-89F686437915}.Release|Any CPU.ActiveCfg = Release|Any CPU
		{0BA526B9-3CFC-44A2-8515-89F686437915}.Release|Any CPU.Build.0 = Release|Any CPU
		{1F153ED6-1CC0-4584-9065-D9EF29AA478B}.Debug|Any CPU.ActiveCfg = Debug|Any CPU
		{1F153ED6-1CC0-4584-9065-D9EF29AA478B}.Debug|Any CPU.Build.0 = Debug|Any CPU
		{1F153ED6-1CC0-4584-9065-D9EF29AA478B}.Release|Any CPU.ActiveCfg = Release|Any CPU
		{1F153ED6-1CC0-4584-9065-D9EF29AA478B}.Release|Any CPU.Build.0 = Release|Any CPU
		{AFBA7633-3E2F-4923-94F1-897589CDEFF1}.Debug|Any CPU.ActiveCfg = Debug|Any CPU
		{AFBA7633-3E2F-4923-94F1-897589CDEFF1}.Debug|Any CPU.Build.0 = Debug|Any CPU
		{AFBA7633-3E2F-4923-94F1-897589CDEFF1}.Release|Any CPU.ActiveCfg = Release|Any CPU
		{AFBA7633-3E2F-4923-94F1-897589CDEFF1}.Release|Any CPU.Build.0 = Release|Any CPU
		{844846D4-52B6-4A6B-9D28-4887438DF295}.Debug|Any CPU.ActiveCfg = Debug|Any CPU
		{844846D4-52B6-4A6B-9D28-4887438DF295}.Debug|Any CPU.Build.0 = Debug|Any CPU
		{844846D4-52B6-4A6B-9D28-4887438DF295}.Release|Any CPU.ActiveCfg = Release|Any CPU
		{844846D4-52B6-4A6B-9D28-4887438DF295}.Release|Any CPU.Build.0 = Release|Any CPU
		{2D36EFA0-A386-41F0-8C64-145D5D729252}.Debug|Any CPU.ActiveCfg = Debug|Any CPU
		{2D36EFA0-A386-41F0-8C64-145D5D729252}.Debug|Any CPU.Build.0 = Debug|Any CPU
		{2D36EFA0-A386-41F0-8C64-145D5D729252}.Release|Any CPU.ActiveCfg = Release|Any CPU
		{2D36EFA0-A386-41F0-8C64-145D5D729252}.Release|Any CPU.Build.0 = Release|Any CPU
		{3483F467-F5C2-48CF-BEDE-04D3EAA7B5CF}.Debug|Any CPU.ActiveCfg = Debug|Any CPU
		{3483F467-F5C2-48CF-BEDE-04D3EAA7B5CF}.Debug|Any CPU.Build.0 = Debug|Any CPU
		{3483F467-F5C2-48CF-BEDE-04D3EAA7B5CF}.Release|Any CPU.ActiveCfg = Release|Any CPU
		{3483F467-F5C2-48CF-BEDE-04D3EAA7B5CF}.Release|Any CPU.Build.0 = Release|Any CPU
	EndGlobalSection
	GlobalSection(SolutionProperties) = preSolution
		HideSolutionNode = FALSE
	EndGlobalSection
	GlobalSection(NestedProjects) = preSolution
		{E4312C64-432E-46C0-8C79-2B5F059EB766} = {F539FCAD-3CFF-4801-A9EB-64E1979F420B}
		{8B4124E1-B04E-4D44-BF16-A45FD06DFEEE} = {0A8901B8-F60E-46CF-9194-FFD1AD1312E5}
		{6C535806-268C-44AB-9A6A-C4FC28FEB693} = {C072FC89-B8E2-46B5-B62D-DD5C9BD5607F}
		{0BA526B9-3CFC-44A2-8515-89F686437915} = {0A8901B8-F60E-46CF-9194-FFD1AD1312E5}
		{1F153ED6-1CC0-4584-9065-D9EF29AA478B} = {F539FCAD-3CFF-4801-A9EB-64E1979F420B}
		{AFBA7633-3E2F-4923-94F1-897589CDEFF1} = {0A8901B8-F60E-46CF-9194-FFD1AD1312E5}
		{844846D4-52B6-4A6B-9D28-4887438DF295} = {9D98C356-72AC-46E8-8CA1-2A0356948A41}
		{0A8901B8-F60E-46CF-9194-FFD1AD1312E5} = {9D98C356-72AC-46E8-8CA1-2A0356948A41}
		{F539FCAD-3CFF-4801-A9EB-64E1979F420B} = {9D98C356-72AC-46E8-8CA1-2A0356948A41}
		{2D36EFA0-A386-41F0-8C64-145D5D729252} = {F539FCAD-3CFF-4801-A9EB-64E1979F420B}
		{3483F467-F5C2-48CF-BEDE-04D3EAA7B5CF} = {C072FC89-B8E2-46B5-B62D-DD5C9BD5607F}
	EndGlobalSection
	GlobalSection(ExtensibilityGlobals) = postSolution
		SolutionGuid = {C533B75E-6BF7-4A21-9D4D-0A1C31081FCF}
	EndGlobalSection
EndGlobal
